<?xml version="1.0" encoding="utf-8"?>
<Project ToolsVersion="4.0" xmlns="http://schemas.microsoft.com/developer/msbuild/2003">
  <ItemGroup>
    <Filter Include="Source Files">
      <UniqueIdentifier>{4FC737F1-C7A5-4376-A066-2A32D752A2FF}</UniqueIdentifier>
      <Extensions>cpp;c;cc;cxx;c++;cppm;ixx;def;odl;idl;hpj;bat;asm;asmx</Extensions>
    </Filter>
    <Filter Include="Header Files">
      <UniqueIdentifier>{93995380-89BD-4b04-88EB-625FBE52EBFB}</UniqueIdentifier>
      <Extensions>h;hh;hpp;hxx;h++;hm;inl;inc;ipp;xsd</Extensions>
    </Filter>
    <Filter Include="Resource Files">
      <UniqueIdentifier>{67DA6AB6-F800-4c08-8B7A-83BB121AAD01}</UniqueIdentifier>
      <Extensions>rc;ico;cur;bmp;dlg;rc2;rct;bin;rgs;gif;jpg;jpeg;jpe;resx;tiff;tif;png;wav;mfcribbon-ms</Extensions>
    </Filter>
    <Filter Include="Header Files\x86_64">
      <UniqueIdentifier>{98de4ed1-780d-4faf-b7c3-249490901190}</UniqueIdentifier>
    </Filter>
    <Filter Include="Source Files\io">
      <UniqueIdentifier>{472cd985-2a0e-482f-9c67-43f8dad1f7dc}</UniqueIdentifier>
    </Filter>
    <Filter Include="Source Files\process">
      <UniqueIdentifier>{a3eb5429-f7b7-45c9-a0c0-68a252bc2000}</UniqueIdentifier>
    </Filter>
  </ItemGroup>
  <ItemGroup>
    <ClCompile Include="src\ZydisPlayground.cpp">
      <Filter>Source Files</Filter>
    </ClCompile>
    <ClCompile Include="src\main.cpp">
      <Filter>Source Files</Filter>
    </ClCompile>
    <ClCompile Include="src\dbt.cpp">
      <Filter>Source Files</Filter>
    </ClCompile>
    <ClCompile Include="src\syscalls.cpp">
      <Filter>Source Files</Filter>
    </ClCompile>
    <ClCompile Include="src\io\write.cpp">
      <Filter>Source Files\io</Filter>
    </ClCompile>
    <ClCompile Include="src\errno_conversion.cpp">
      <Filter>Source Files</Filter>
    </ClCompile>
    <ClCompile Include="src\process\exit.cpp">
      <Filter>Source Files\process</Filter>
    </ClCompile>
  </ItemGroup>
  <ItemGroup>
    <MASM Include="src\syscall_trampoline.asm">
      <Filter>Source Files</Filter>
    </MASM>
  </ItemGroup>
  <ItemGroup>
    <ClInclude Include="include\elf.h">
      <Filter>Header Files</Filter>
    </ClInclude>
    <ClInclude Include="include\dbt.h">
      <Filter>Header Files</Filter>
    </ClInclude>
    <ClInclude Include="include\syscall_trampoline.h">
      <Filter>Header Files</Filter>
    </ClInclude>
    <ClInclude Include="include\x86_64\saved_registers.h">
      <Filter>Header Files\x86_64</Filter>
    </ClInclude>
    <ClInclude Include="include\x86_64\syscalls.h">
      <Filter>Header Files\x86_64</Filter>
    </ClInclude>
    <ClInclude Include="include\linux_errno.h">
      <Filter>Header Files</Filter>
    </ClInclude>
    <ClInclude Include="src\errno_values.h">
      <Filter>Source Files</Filter>
    </ClInclude>
    <ClInclude Include="include\errno_conversion.h">
      <Filter>Header Files</Filter>
    </ClInclude>
  </ItemGroup>
  <ItemGroup>
    <CopyFileToFolders Include="hello" />
  </ItemGroup>
</Project>